# This file was generated by Aiken
# You typically do not need to edit this file

[[requirements]]
name = "aiken-lang/stdlib"
version = "v3.1.0"
source = "github"

[[requirements]]
name = "aiken-lang/fuzz"
version = "v2.1.1"
source = "github"

[[requirements]]
name = "easy1staking-com/aiken-merkle-tree"
version = "feat/migrate-latest-stdlib"
source = "github"

[[packages]]
name = "aiken-lang/stdlib"
version = "v3.1.0"
requirements = []
source = "github"

[[packages]]
name = "aiken-lang/fuzz"
version = "v2.1.1"
requirements = []
source = "github"

[[packages]]
name = "easy1staking-com/aiken-merkle-tree"
version = "feat/migrate-latest-stdlib"
requirements = []
source = "github"

[etags]
"easy1staking-com/aiken-merkle-tree@feat/migrate-latest-stdlib" = [{ secs_since_epoch = 1779138998, nanos_since_epoch = 866006000 }, "bf6d21903cb91a6b27aadde3ba17360fa82955cb30425adadba4fde12281083c"]
